// !$*UTF8*$!
{
	archiveVersion = 1;
	classes = {
	};
	objectVersion = 77;
	objects = {

/* Begin PBXContainerItemProxy section */
		B2794E582C9CD16700FBDE8E /* PBXContainerItemProxy */ = {
			isa = PBXContainerItemProxy;
			containerPortal = B2794E3F2C9CD16300FBDE8E /* Project object */;
			proxyType = 1;
			remoteGlobalIDString = B2794E462C9CD16300FBDE8E;
			remoteInfo = IMC;
		};
		B2794E622C9CD16800FBDE8E /* PBXContainerItemProxy */ = {
			isa = PBXContainerItemProxy;
			containerPortal = B2794E3F2C9CD16300FBDE8E /* Project object */;
			proxyType = 1;
			remoteGlobalIDString = B2794E462C9CD16300FBDE8E;
			remoteInfo = IMC;
		};
/* End PBXContainerItemProxy section */

/* Begin PBXFileReference section */
		B2794E472C9CD16300FBDE8E /* CursoIOS.app */ = {isa = PBXFileReference; explicitFileType = wrapper.application; includeInIndex = 0; path = CursoIOS.app; sourceTree = BUILT_PRODUCTS_DIR; };
		B2794E572C9CD16700FBDE8E /* CursoIOSTests.xctest */ = {isa = PBXFileReference; explicitFileType = wrapper.cfbundle; includeInIndex = 0; path = CursoIOSTests.xctest; sourceTree = BUILT_PRODUCTS_DIR; };
		B2794E612C9CD16800FBDE8E /* CursoIOSUITests.xctest */ = {isa = PBXFileReference; explicitFileType = wrapper.cfbundle; includeInIndex = 0; path = CursoIOSUITests.xctest; sourceTree = BUILT_PRODUCTS_DIR; };
/* End PBXFileReference section */

/* Begin PBXFileSystemSynchronizedRootGroup section */
		B2794E492C9CD16300FBDE8E /* IMC */ = {
			isa = PBXFileSystemSynchronizedRootGroup;
			path = IMC;
			sourceTree = "<group>";
		};
		B2794E5A2C9CD16700FBDE8E /* IMCTests */ = {
			isa = PBXFileSystemSynchronizedRootGroup;
			path = IMCTests;
			sourceTree = "<group>";
		};
		B2794E642C9CD16800FBDE8E /* IMCUITests */ = {
			isa = PBXFileSystemSynchronizedRootGroup;
			path = IMCUITests;
			sourceTree = "<group>";
		};
/* End PBXFileSystemSynchronizedRootGroup section */

/* Begin PBXFrameworksBuildPhase section */
		B2794E442C9CD16300FBDE8E /* Frameworks */ = {
			isa = PBXFrameworksBuildPhase;
			buildActionMask = 2147483647;
			files = (
			);
			runOnlyForDeploymentPostprocessing = 0;
		};
		B2794E542C9CD16700FBDE8E /* Frameworks */ = {
			isa = PBXFrameworksBuildPhase;
			buildActionMask = 2147483647;
			files = (
			);
			runOnlyForDeploymentPostprocessing = 0;
		};
		B2794E5E2C9CD16700FBDE8E /* Frameworks */ = {
			isa = PBXFrameworksBuildPhase;
			buildActionMask = 2147483647;
			files = (
			);
			runOnlyForDeploymentPostprocessing = 0;
		};
/* End PBXFrameworksBuildPhase section */

/* Begin PBXGroup section */
		B2794E3E2C9CD16200FBDE8E = {
			isa = PBXGroup;
			children = (
				B2794E492C9CD16300FBDE8E /* IMC */,
				B2794E5A2C9CD16700FBDE8E /* IMCTests */,
				B2794E642C9CD16800FBDE8E /* IMCUITests */,
				B2794E482C9CD16300FBDE8E /* Products */,
			);
			sourceTree = "<group>";
		};
		B2794E482C9CD16300FBDE8E /* Products */ = {
			isa = PBXGroup;
			children = (
				B2794E472C9CD16300FBDE8E /* CursoIOS.app */,
				B2794E572C9CD16700FBDE8E /* CursoIOSTests.xctest */,
				B2794E612C9CD16800FBDE8E /* CursoIOSUITests.xctest */,
			);
			name = Products;
			sourceTree = "<group>";
		};
/* End PBXGroup section */

/* Begin PBXNativeTarget section */
		B2794E462C9CD16300FBDE8E /* CursoIOS */ = {
			isa = PBXNativeTarget;
			buildConfigurationList = B2794E6B2C9CD16800FBDE8E /* Build configuration list for PBXNativeTarget "CursoIOS" */;
			buildPhases = (
				B2794E432C9CD16300FBDE8E /* Sources */,
				B2794E442C9CD16300FBDE8E /* Frameworks */,
				B2794E452C9CD16300FBDE8E /* Resources */,
			);
			buildRules = (
			);
			dependencies = (
			);
			fileSystemSynchronizedGroups = (
				B2794E492C9CD16300FBDE8E /* IMC */,
			);
			name = CursoIOS;
			packageProductDependencies = (
			);
			productName = IMC;
			productReference = B2794E472C9CD16300FBDE8E /* CursoIOS.app */;
			productType = "com.apple.product-type.application";
		};
		B2794E562C9CD16700FBDE8E /* CursoIOSTests */ = {
			isa = PBXNativeTarget;
			buildConfigurationList = B2794E6E2C9CD16800FBDE8E /* Build configuration list for PBXNativeTarget "CursoIOSTests" */;
			buildPhases = (
				B2794E532C9CD16700FBDE8E /* Sources */,
				B2794E542C9CD16700FBDE8E /* Frameworks */,
				B2794E552C9CD16700FBDE8E /* Resources */,
			);
			buildRules = (
			);
			dependencies = (
				B2794E592C9CD16700FBDE8E /* PBXTargetDependency */,
			);
			fileSystemSynchronizedGroups = (
				B2794E5A2C9CD16700FBDE8E /* IMCTests */,
			);
			name = CursoIOSTests;
			packageProductDependencies = (
			);
			productName = IMCTests;
			productReference = B2794E572C9CD16700FBDE8E /* CursoIOSTests.xctest */;
			productType = "com.apple.product-type.bundle.unit-test";
		};
		B2794E602C9CD16700FBDE8E /* CursoIOSUITests */ = {
			isa = PBXNativeTarget;
			buildConfigurationList = B2794E712C9CD16800FBDE8E /* Build configuration list for PBXNativeTarget "CursoIOSUITests" */;
			buildPhases = (
				B2794E5D2C9CD16700FBDE8E /* Sources */,
				B2794E5E2C9CD16700FBDE8E /* Frameworks */,
				B2794E5F2C9CD16700FBDE8E /* Resources */,
			);
			buildRules = (
			);
			dependencies = (
				B2794E632C9CD16800FBDE8E /* PBXTargetDependency */,
			);
			fileSystemSynchronizedGroups = (
				B2794E642C9CD16800FBDE8E /* IMCUITests */,
			);
			name = CursoIOSUITests;
			packageProductDependencies = (
			);
			productName = IMCUITests;
			productReference = B2794E612C9CD16800FBDE8E /* CursoIOSUITests.xctest */;
			productType = "com.apple.product-type.bundle.ui-testing";
		};
/* End PBXNativeTarget section */

/* Begin PBXProject section */
		B2794E3F2C9CD16300FBDE8E /* Project object */ = {
			isa = PBXProject;
			attributes = {
				BuildIndependentTargetsInParallel = 1;
				LastSwiftUpdateCheck = 1600;
				LastUpgradeCheck = 1600;
				TargetAttributes = {
					B2794E462C9CD16300FBDE8E = {
						CreatedOnToolsVersion = 16.0;
					};
					B2794E562C9CD16700FBDE8E = {
						CreatedOnToolsVersion = 16.0;
						TestTargetID = B2794E462C9CD16300FBDE8E;
					};
					B2794E602C9CD16700FBDE8E = {
						CreatedOnToolsVersion = 16.0;
						TestTargetID = B2794E462C9CD16300FBDE8E;
					};
				};
			};
			buildConfigurationList = B2794E422C9CD16300FBDE8E /* Build configuration list for PBXProject "CursoIOS" */;
			developmentRegion = en;
			hasScannedForEncodings = 0;
			knownRegions = (
				en,
				Base,
			);
			mainGroup = B2794E3E2C9CD16200FBDE8E;
			minimizedProjectReferenceProxies = 1;
			preferredProjectObjectVersion = 77;
			productRefGroup = B2794E482C9CD16300FBDE8E /* Products */;
			projectDirPath = "";
			projectRoot = "";
			targets = (
				B2794E462C9CD16300FBDE8E /* CursoIOS */,
				B2794E562C9CD16700FBDE8E /* CursoIOSTests */,
				B2794E602C9CD16700FBDE8E /* CursoIOSUITests */,
			);
		};
/* End PBXProject section */

/* Begin PBXResourcesBuildPhase section */
		B2794E452C9CD16300FBDE8E /* Resources */ = {
			isa = PBXResourcesBuildPhase;
			buildActionMask = 2147483647;
			files = (
			);
			runOnlyForDeploymentPostprocessing = 0;
		};
		B2794E552C9CD16700FBDE8E /* Resources */ = {
			isa = PBXResourcesBuildPhase;
			buildActionMask = 2147483647;
			files = (
			);
			runOnlyForDeploymentPostprocessing = 0;
		};
		B2794E5F2C9CD16700FBDE8E /* Resources */ = {
			isa = PBXResourcesBuildPhase;
			buildActionMask = 2147483647;
			files = (
			);
			runOnlyForDeploymentPostprocessing = 0;
		};
/* End PBXResourcesBuildPhase section */

/* Begin PBXSourcesBuildPhase section */
		B2794E432C9CD16300FBDE8E /* Sources */ = {
			isa = PBXSourcesBuildPhase;
			buildActionMask = 2147483647;
			files = (
			);
			runOnlyForDeploymentPostprocessing = 0;
		};
		B2794E532C9CD16700FBDE8E /* Sources */ = {
			isa = PBXSourcesBuildPhase;
			buildActionMask = 2147483647;
			files = (
			);
			runOnlyForDeploymentPostprocessing = 0;
		};
		B2794E5D2C9CD16700FBDE8E /* Sources */ = {
			isa = PBXSourcesBuildPhase;
			buildActionMask = 2147483647;
			files = (
			);
			runOnlyForDeploymentPostprocessing = 0;
		};
/* End PBXSourcesBuildPhase section */

/* Begin PBXTargetDependency section */
		B2794E592C9CD16700FBDE8E /* PBXTargetDependency */ = {
			isa = PBXTargetDependency;
			target = B2794E462C9CD16300FBDE8E /* CursoIOS */;
			targetProxy = B2794E582C9CD16700FBDE8E /* PBXContainerItemProxy */;
		};
		B2794E632C9CD16800FBDE8E /* PBXTargetDependency */ = {
			isa = PBXTargetDependency;
			target = B2794E462C9CD16300FBDE8E /* CursoIOS */;
			targetProxy = B2794E622C9CD16800FBDE8E /* PBXContainerItemProxy */;
		};
/* End PBXTargetDependency section */

/* Begin XCBuildConfiguration section */
		B2794E692C9CD16800FBDE8E /* Debug */ = {
			isa = XCBuildConfiguration;
			buildSettings = {
				ALWAYS_SEARCH_USER_PATHS = NO;
				ASSETCATALOG_COMPILER_GENERATE_SWIFT_ASSET_SYMBOL_EXTENSIONS = YES;
				CLANG_ANALYZER_NONNULL = YES;
				CLANG_ANALYZER_NUMBER_OBJECT_CONVERSION = YES_AGGRESSIVE;
				CLANG_CXX_LANGUAGE_STANDARD = "gnu++20";
				CLANG_ENABLE_MODULES = YES;
				CLANG_ENABLE_OBJC_ARC = YES;
				CLANG_ENABLE_OBJC_WEAK = YES;
				CLANG_WARN_BLOCK_CAPTURE_AUTORELEASING = YES;
				CLANG_WARN_BOOL_CONVERSION = YES;
				CLANG_WARN_COMMA = YES;
				CLANG_WARN_CONSTANT_CONVERSION = YES;
				CLANG_WARN_DEPRECATED_OBJC_IMPLEMENTATIONS = YES;
				CLANG_WARN_DIRECT_OBJC_ISA_USAGE = YES_ERROR;
				CLANG_WARN_DOCUMENTATION_COMMENTS = YES;
				CLANG_WARN_EMPTY_BODY = YES;
				CLANG_WARN_ENUM_CONVERSION = YES;
				CLANG_WARN_INFINITE_RECURSION = YES;
				CLANG_WARN_INT_CONVERSION = YES;
				CLANG_WARN_NON_LITERAL_NULL_CONVERSION = YES;
				CLANG_WARN_OBJC_IMPLICIT_RETAIN_SELF = YES;
				CLANG_WARN_OBJC_LITERAL_CONVERSION = YES;
				CLANG_WARN_OBJC_ROOT_CLASS = YES_ERROR;
				CLANG_WARN_QUOTED_INCLUDE_IN_FRAMEWORK_HEADER = YES;
				CLANG_WARN_RANGE_LOOP_ANALYSIS = YES;
				CLANG_WARN_STRICT_PROTOTYPES = YES;
				CLANG_WARN_SUSPICIOUS_MOVE = YES;
				CLANG_WARN_UNGUARDED_AVAILABILITY = YES_AGGRESSIVE;
				CLANG_WARN_UNREACHABLE_CODE = YES;
				CLANG_WARN__DUPLICATE_METHOD_MATCH = YES;
				COPY_PHASE_STRIP = NO;
				DEBUG_INFORMATION_FORMAT = dwarf;
				ENABLE_STRICT_OBJC_MSGSEND = YES;
				ENABLE_TESTABILITY = YES;
				ENABLE_USER_SCRIPT_SANDBOXING = YES;
				GCC_C_LANGUAGE_STANDARD = gnu17;
				GCC_DYNAMIC_NO_PIC = NO;
				GCC_NO_COMMON_BLOCKS = YES;
				GCC_OPTIMIZATION_LEVEL = 0;
				GCC_PREPROCESSOR_DEFINITIONS = (
					"DEBUG=1",
					"$(inherited)",
				);
				GCC_WARN_64_TO_32_BIT_CONVERSION = YES;
				GCC_WARN_ABOUT_RETURN_TYPE = YES_ERROR;
				GCC_WARN_UNDECLARED_SELECTOR = YES;
				GCC_WARN_UNINITIALIZED_AUTOS = YES_AGGRESSIVE;
				GCC_WARN_UNUSED_FUNCTION = YES;
				GCC_WARN_UNUSED_VARIABLE = YES;
				IPHONEOS_DEPLOYMENT_TARGET = 18.0;
				LOCALIZATION_PREFERS_STRING_CATALOGS = YES;
				MTL_ENABLE_DEBUG_INFO = INCLUDE_SOURCE;
				MTL_FAST_MATH = YES;
				ONLY_ACTIVE_ARCH = YES;
				SDKROOT = iphoneos;
				SWIFT_ACTIVE_COMPILATION_CONDITIONS = "DEBUG $(inherited)";
				SWIFT_OPTIMIZATION_LEVEL = "-Onone";
			};
			name = Debug;
		};
		B2794E6A2C9CD16800FBDE8E /* Release */ = {
			isa = XCBuildConfiguration;
			buildSettings = {
				ALWAYS_SEARCH_USER_PATHS = NO;
				ASSETCATALOG_COMPILER_GENERATE_SWIFT_ASSET_SYMBOL_EXTENSIONS = YES;
				CLANG_ANALYZER_NONNULL = YES;
				CLANG_ANALYZER_NUMBER_OBJECT_CONVERSION = YES_AGGRESSIVE;
				CLANG_CXX_LANGUAGE_STANDARD = "gnu++20";
				CLANG_ENABLE_MODULES = YES;
				CLANG_ENABLE_OBJC_ARC = YES;
				CLANG_ENABLE_OBJC_WEAK = YES;
				CLANG_WARN_BLOCK_CAPTURE_AUTORELEASING = YES;
				CLANG_WARN_BOOL_CONVERSION = YES;
				CLANG_WARN_COMMA = YES;
				CLANG_WARN_CONSTANT_CONVERSION = YES;
				CLANG_WARN_DEPRECATED_OBJC_IMPLEMENTATIONS = YES;
				CLANG_WARN_DIRECT_OBJC_ISA_USAGE = YES_ERROR;
				CLANG_WARN_DOCUMENTATION_COMMENTS = YES;
				CLANG_WARN_EMPTY_BODY = YES;
				CLANG_WARN_ENUM_CONVERSION = YES;
				CLANG_WARN_INFINITE_RECURSION = YES;
				CLANG_WARN_INT_CONVERSION = YES;
				CLANG_WARN_NON_LITERAL_NULL_CONVERSION = YES;
				CLANG_WARN_OBJC_IMPLICIT_RETAIN_SELF = YES;
				CLANG_WARN_OBJC_LITERAL_CONVERSION = YES;
				CLANG_WARN_OBJC_ROOT_CLASS = YES_ERROR;
				CLANG_WARN_QUOTED_INCLUDE_IN_FRAMEWORK_HEADER = YES;
				CLANG_WARN_RANGE_LOOP_ANALYSIS = YES;
				CLANG_WARN_STRICT_PROTOTYPES = YES;
				CLANG_WARN_SUSPICIOUS_MOVE = YES;
				CLANG_WARN_UNGUARDED_AVAILABILITY = YES_AGGRESSIVE;
				CLANG_WARN_UNREACHABLE_CODE = YES;
				CLANG_WARN__DUPLICATE_METHOD_MATCH = YES;
				COPY_PHASE_STRIP = NO;
				DEBUG_INFORMATION_FORMAT = "dwarf-with-dsym";
				ENABLE_NS_ASSERTIONS = NO;
				ENABLE_STRICT_OBJC_MSGSEND = YES;
				ENABLE_USER_SCRIPT_SANDBOXING = YES;
				GCC_C_LANGUAGE_STANDARD = gnu17;
				GCC_NO_COMMON_BLOCKS = YES;
				GCC_WARN_64_TO_32_BIT_CONVERSION = YES;
				GCC_WARN_ABOUT_RETURN_TYPE = YES_ERROR;
				GCC_WARN_UNDECLARED_SELECTOR = YES;
				GCC_WARN_UNINITIALIZED_AUTOS = YES_AGGRESSIVE;
				GCC_WARN_UNUSED_FUNCTION = YES;
				GCC_WARN_UNUSED_VARIABLE = YES;
				IPHONEOS_DEPLOYMENT_TARGET = 18.0;
				LOCALIZATION_PREFERS_STRING_CATALOGS = YES;
				MTL_ENABLE_DEBUG_INFO = NO;
				MTL_FAST_MATH = YES;
				SDKROOT = iphoneos;
				SWIFT_COMPILATION_MODE = wholemodule;
				VALIDATE_PRODUCT = YES;
			};
			name = Release;
		};
		B2794E6C2C9CD16800FBDE8E /* Debug */ = {
			isa = XCBuildConfiguration;
			buildSettings = {
				ASSETCATALOG_COMPILER_APPICON_NAME = AppIcon;
				ASSETCATALOG_COMPILER_GLOBAL_ACCENT_COLOR_NAME = AccentColor;
				CODE_SIGN_STYLE = Automatic;
				CURRENT_PROJECT_VERSION = 1;
				DEVELOPMENT_ASSET_PATHS = "\"IMC/Preview Content\"";
				ENABLE_PREVIEWS = YES;
				GENERATE_INFOPLIST_FILE = YES;
				INFOPLIST_KEY_UIApplicationSceneManifest_Generation = YES;
				INFOPLIST_KEY_UIApplicationSupportsIndirectInputEvents = YES;
				INFOPLIST_KEY_UILaunchScreen_Generation = YES;
				INFOPLIST_KEY_UISupportedInterfaceOrientations_iPad = "UIInterfaceOrientationPortrait UIInterfaceOrientationPortraitUpsideDown UIInterfaceOrientationLandscapeLeft UIInterfaceOrientationLandscapeRight";
				INFOPLIST_KEY_UISupportedInterfaceOrientations_iPhone = "UIInterfaceOrientationPortrait UIInterfaceOrientationLandscapeLeft UIInterfaceOrientationLandscapeRight";
				LD_RUNPATH_SEARCH_PATHS = (
					"$(inherited)",
					"@executable_path/Frameworks",
				);
				MARKETING_VERSION = 1.0;
				PRODUCT_BUNDLE_IDENTIFIER = com.brandevsolutions.IMC;
				PRODUCT_NAME = "$(TARGET_NAME)";
				SWIFT_EMIT_LOC_STRINGS = YES;
				SWIFT_VERSION = 5.0;
				TARGETED_DEVICE_FAMILY = "1,2";
			};
			name = Debug;
		};
		B2794E6D2C9CD16800FBDE8E /* Release */ = {
			isa = XCBuildConfiguration;
			buildSettings = {
				ASSETCATALOG_COMPILER_APPICON_NAME = AppIcon;
				ASSETCATALOG_COMPILER_GLOBAL_ACCENT_COLOR_NAME = AccentColor;
				CODE_SIGN_STYLE = Automatic;
				CURRENT_PROJECT_VERSION = 1;
				DEVELOPMENT_ASSET_PATHS = "\"IMC/Preview Content\"";
				ENABLE_PREVIEWS = YES;
				GENERATE_INFOPLIST_FILE = YES;
				INFOPLIST_KEY_UIApplicationSceneManifest_Generation = YES;
				INFOPLIST_KEY_UIApplicationSupportsIndirectInputEvents = YES;
				INFOPLIST_KEY_UILaunchScreen_Generation = YES;
				INFOPLIST_KEY_UISupportedInterfaceOrientations_iPad = "UIInterfaceOrientationPortrait UIInterfaceOrientationPortraitUpsideDown UIInterfaceOrientationLandscapeLeft UIInterfaceOrientationLandscapeRight";
				INFOPLIST_KEY_UISupportedInterfaceOrientations_iPhone = "UIInterfaceOrientationPortrait UIInterfaceOrientationLandscapeLeft UIInterfaceOrientationLandscapeRight";
				LD_RUNPATH_SEARCH_PATHS = (
					"$(inherited)",
					"@executable_path/Frameworks",
				);
				MARKETING_VERSION = 1.0;
				PRODUCT_BUNDLE_IDENTIFIER = com.brandevsolutions.IMC;
				PRODUCT_NAME = "$(TARGET_NAME)";
				SWIFT_EMIT_LOC_STRINGS = YES;
				SWIFT_VERSION = 5.0;
				TARGETED_DEVICE_FAMILY = "1,2";
			};
			name = Release;
		};
		B2794E6F2C9CD16800FBDE8E /* Debug */ = {
			isa = XCBuildConfiguration;
			buildSettings = {
				BUNDLE_LOADER = "$(TEST_HOST)";
				CODE_SIGN_STYLE = Automatic;
				CURRENT_PROJECT_VERSION = 1;
				GENERATE_INFOPLIST_FILE = YES;
				IPHONEOS_DEPLOYMENT_TARGET = 18.0;
				MARKETING_VERSION = 1.0;
				PRODUCT_BUNDLE_IDENTIFIER = com.brandevsolutions.IMCTests;
				PRODUCT_NAME = "$(TARGET_NAME)";
				SWIFT_EMIT_LOC_STRINGS = NO;
				SWIFT_VERSION = 5.0;
				TARGETED_DEVICE_FAMILY = "1,2";
				TEST_HOST = "$(BUILT_PRODUCTS_DIR)/CursoIOS.app/$(BUNDLE_EXECUTABLE_FOLDER_PATH)/CursoIOS";
			};
			name = Debug;
		};
		B2794E702C9CD16800FBDE8E /* Release */ = {
			isa = XCBuildConfiguration;
			buildSettings = {
				BUNDLE_LOADER = "$(TEST_HOST)";
				CODE_SIGN_STYLE = Automatic;
				CURRENT_PROJECT_VERSION = 1;
				GENERATE_INFOPLIST_FILE = YES;
				IPHONEOS_DEPLOYMENT_TARGET = 18.0;
				MARKETING_VERSION = 1.0;
				PRODUCT_BUNDLE_IDENTIFIER = com.brandevsolutions.IMCTests;
				PRODUCT_NAME = "$(TARGET_NAME)";
				SWIFT_EMIT_LOC_STRINGS = NO;
				SWIFT_VERSION = 5.0;
				TARGETED_DEVICE_FAMILY = "1,2";
				TEST_HOST = "$(BUILT_PRODUCTS_DIR)/CursoIOS.app/$(BUNDLE_EXECUTABLE_FOLDER_PATH)/CursoIOS";
			};
			name = Release;
		};
		B2794E722C9CD16800FBDE8E /* Debug */ = {
			isa = XCBuildConfiguration;
			buildSettings = {
				CODE_SIGN_STYLE = Automatic;
				CURRENT_PROJECT_VERSION = 1;
				GENERATE_INFOPLIST_FILE = YES;
				MARKETING_VERSION = 1.0;
				PRODUCT_BUNDLE_IDENTIFIER = com.brandevsolutions.IMCUITests;
				PRODUCT_NAME = "$(TARGET_NAME)";
				SWIFT_EMIT_LOC_STRINGS = NO;
				SWIFT_VERSION = 5.0;
				TARGETED_DEVICE_FAMILY = "1,2";
				TEST_TARGET_NAME = IMC;
			};
			name = Debug;
		};
		B2794E732C9CD16800FBDE8E /* Release */ = {
			isa = XCBuildConfiguration;
			buildSettings = {
				CODE_SIGN_STYLE = Automatic;
				CURRENT_PROJECT_VERSION = 1;
				GENERATE_INFOPLIST_FILE = YES;
				MARKETING_VERSION = 1.0;
				PRODUCT_BUNDLE_IDENTIFIER = com.brandevsolutions.IMCUITests;
				PRODUCT_NAME = "$(TARGET_NAME)";
				SWIFT_EMIT_LOC_STRINGS = NO;
				SWIFT_VERSION = 5.0;
				TARGETED_DEVICE_FAMILY = "1,2";
				TEST_TARGET_NAME = IMC;
			};
			name = Release;
		};
/* End XCBuildConfiguration section */

/* Begin XCConfigurationList section */
		B2794E422C9CD16300FBDE8E /* Build configuration list for PBXProject "CursoIOS" */ = {
			isa = XCConfigurationList;
			buildConfigurations = (
				B2794E692C9CD16800FBDE8E /* Debug */,
				B2794E6A2C9CD16800FBDE8E /* Release */,
			);
			defaultConfigurationIsVisible = 0;
			defaultConfigurationName = Release;
		};
		B2794E6B2C9CD16800FBDE8E /* Build configuration list for PBXNativeTarget "CursoIOS" */ = {
			isa = XCConfigurationList;
			buildConfigurations = (
				B2794E6C2C9CD16800FBDE8E /* Debug */,
				B2794E6D2C9CD16800FBDE8E /* Release */,
			);
			defaultConfigurationIsVisible = 0;
			defaultConfigurationName = Release;
		};
		B2794E6E2C9CD16800FBDE8E /* Build configuration list for PBXNativeTarget "CursoIOSTests" */ = {
			isa = XCConfigurationList;
			buildConfigurations = (
				B2794E6F2C9CD16800FBDE8E /* Debug */,
				B2794E702C9CD16800FBDE8E /* Release */,
			);
			defaultConfigurationIsVisible = 0;
			defaultConfigurationName = Release;
		};
		B2794E712C9CD16800FBDE8E /* Build configuration list for PBXNativeTarget "CursoIOSUITests" */ = {
			isa = XCConfigurationList;
			buildConfigurations = (
				B2794E722C9CD16800FBDE8E /* Debug */,
				B2794E732C9CD16800FBDE8E /* Release */,
			);
			defaultConfigurationIsVisible = 0;
			defaultConfigurationName = Release;
		};
/* End XCConfigurationList section */
	};
	rootObject = B2794E3F2C9CD16300FBDE8E /* Project object */;
}
